
Microsoft Visual Studio Solution File, Format Version 12.00
# Visual Studio Version 17
VisualStudioVersion = 17.10.34916.146
MinimumVisualStudioVersion = 10.0.40219.1
Project("{FAE04EC0-301F-11D3-BF4B-00C04F79EFBC}") = "TaxiApp.API", "TaxiApp.API\TaxiApp.API.csproj", "{3C70522A-66D0-44C4-B84C-CA4E71FD3377}"
EndProject
Project("{FAE04EC0-301F-11D3-BF4B-00C04F79EFBC}") = "TaxiApp.Domain", "TaxiApp.Model\TaxiApp.Domain.csproj", "{3720D17D-E539-4EA9-891B-E1C699BDD33D}"
EndProject
Project("{FAE04EC0-301F-11D3-BF4B-00C04F79EFBC}") = "TaxiApp.Infraestructure", "TaxiApp.Infraestructure\TaxiApp.Infraestructure.csproj", "{C2D588A3-0A71-4FF0-87C5-4896808A8D86}"
EndProject
Project("{FAE04EC0-301F-11D3-BF4B-00C04F79EFBC}") = "TaxiApp.Application", "TaxiApp.Application\TaxiApp.Application.csproj", "{0BF200BA-FEC2-472F-B521-A11161BD856A}"
EndProject
Global
	GlobalSection(SolutionConfigurationPlatforms) = preSolution
		Debug|Any CPU = Debug|Any CPU
		Release|Any CPU = Release|Any CPU
	EndGlobalSection
	GlobalSection(ProjectConfigurationPlatforms) = postSolution
		{3C70522A-66D0-44C4-B84C-CA4E71FD3377}.Debug|Any CPU.ActiveCfg = Debug|Any CPU
		{3C70522A-66D0-44C4-B84C-CA4E71FD3377}.Debug|Any CPU.Build.0 = Debug|Any CPU
		{3C70522A-66D0-44C4-B84C-CA4E71FD3377}.Release|Any CPU.ActiveCfg = Release|Any CPU
		{3C70522A-66D0-44C4-B84C-CA4E71FD3377}.Release|Any CPU.Build.0 = Release|Any CPU
		{3720D17D-E539-4EA9-891B-E1C699BDD33D}.Debug|Any CPU.ActiveCfg = Debug|Any CPU
		{3720D17D-E539-4EA9-891B-E1C699BDD33D}.Debug|Any CPU.Build.0 = Debug|Any CPU
		{3720D17D-E539-4EA9-891B-E1C699BDD33D}.Release|Any CPU.ActiveCfg = Release|Any CPU
		{3720D17D-E539-4EA9-891B-E1C699BDD33D}.Release|Any CPU.Build.0 = Release|Any CPU
		{C2D588A3-0A71-4FF0-87C5-4896808A8D86}.Debug|Any CPU.ActiveCfg = Debug|Any CPU
		{C2D588A3-0A71-4FF0-87C5-4896808A8D86}.Debug|Any CPU.Build.0 = Debug|Any CPU
		{C2D588A3-0A71-4FF0-87C5-4896808A8D86}.Release|Any CPU.ActiveCfg = Release|Any CPU
		{C2D588A3-0A71-4FF0-87C5-4896808A8D86}.Release|Any CPU.Build.0 = Release|Any CPU
		{0BF200BA-FEC2-472F-B521-A11161BD856A}.Debug|Any CPU.ActiveCfg = Debug|Any CPU
		{0BF200BA-FEC2-472F-B521-A11161BD856A}.Debug|Any CPU.Build.0 = Debug|Any CPU
		{0BF200BA-FEC2-472F-B521-A11161BD856A}.Release|Any CPU.ActiveCfg = Release|Any CPU
		{0BF200BA-FEC2-472F-B521-A11161BD856A}.Release|Any CPU.Build.0 = Release|Any CPU
	EndGlobalSection
	GlobalSection(SolutionProperties) = preSolution
		HideSolutionNode = FALSE
	EndGlobalSection
	GlobalSection(ExtensibilityGlobals) = postSolution
		SolutionGuid = {174990CA-4D76-4522-8444-7B8925477AEB}
	EndGlobalSection
EndGlobal
